{
  "name": "weekly_planner",
  "lockfileVersion": 2,
  "requires": true,
  "packages": {
    "": {
      "dependencies": {
        "date-and-time": "^1.0.1",
        "moment": "^2.29.1"
      }
    },
    "node_modules/date-and-time": {
      "version": "1.0.1",
      "resolved": "https://registry.npmjs.org/date-and-time/-/date-and-time-1.0.1.tgz",
      "integrity": "sha512-7u+uNfnjWkX+YFQfivvW24TjaJG6ahvTrfw1auq7KlC7osuGcZBIWGBvB9UcENjH6JnLVhMqlRripk1dSHjAUA=="
    },
    "node_modules/moment": {
      "version": "2.29.1",
      "resolved": "https://registry.npmjs.org/moment/-/moment-2.29.1.tgz",
      "integrity": "sha512-kHmoybcPV8Sqy59DwNDY3Jefr64lK/by/da0ViFcuA4DH0vQg5Q6Ze5VimxkfQNSC+Mls/Kx53s7TjP1RhFEDQ==",
      "engines": {
        "node": "*"
      }
    }
  },
  "dependencies": {
    "date-and-time": {
      "version": "1.0.1",
      "resolved": "https://registry.npmjs.org/date-and-time/-/date-and-time-1.0.1.tgz",
      "integrity": "sha512-7u+uNfnjWkX+YFQfivvW24TjaJG6ahvTrfw1auq7KlC7osuGcZBIWGBvB9UcENjH6JnLVhMqlRripk1dSHjAUA=="
    },
    "moment": {
      "version": "2.29.1",
      "resolved": "https://registry.npmjs.org/moment/-/moment-2.29.1.tgz",
      "integrity": "sha512-kHmoybcPV8Sqy59DwNDY3Jefr64lK/by/da0ViFcuA4DH0vQg5Q6Ze5VimxkfQNSC+Mls/Kx53s7TjP1RhFEDQ=="
    }
  }
}
